
Microsoft Visual Studio Solution File, Format Version 12.00
# Visual Studio Version 17
VisualStudioVersion = 17.8.34330.188
MinimumVisualStudioVersion = 10.0.40219.1
Project("{FAE04EC0-301F-11D3-BF4B-00C04F79EFBC}") = "parser", "parser.csproj", "{225E76C2-1D1B-4A5E-8A57-6EEC4B48A11C}"
EndProject
Global
	GlobalSection(SolutionConfigurationPlatforms) = preSolution
		Debug|Any CPU = Debug|Any CPU
		Release|Any CPU = Release|Any CPU
	EndGlobalSection
	GlobalSection(ProjectConfigurationPlatforms) = postSolution
		{225E76C2-1D1B-4A5E-8A57-6EEC4B48A11C}.Debug|Any CPU.ActiveCfg = Debug|Any CPU
		{225E76C2-1D1B-4A5E-8A57-6EEC4B48A11C}.Debug|Any CPU.Build.0 = Debug|Any CPU
		{225E76C2-1D1B-4A5E-8A57-6EEC4B48A11C}.Release|Any CPU.ActiveCfg = Release|Any CPU
		{225E76C2-1D1B-4A5E-8A57-6EEC4B48A11C}.Release|Any CPU.Build.0 = Release|Any CPU
	EndGlobalSection
	GlobalSection(SolutionProperties) = preSolution
		HideSolutionNode = FALSE
	EndGlobalSection
	GlobalSection(ExtensibilityGlobals) = postSolution
		SolutionGuid = {04D2B841-FDBA-4681-B5B0-D45BB1A9C599}
	EndGlobalSection
EndGlobal
